
Microsoft Visual Studio Solution File, Format Version 12.00
# Visual Studio Version 16
VisualStudioVersion = 16.0.31313.79
MinimumVisualStudioVersion = 10.0.40219.1
Project("{00D1A9C2-B5F0-4AF3-8072-F6C62B433612}") = "OMOP_Vocabulary_DDL", "OMOP_Vocabulary_DDL\OMOP_Vocabulary_DDL.sqlproj", "{6EABBC9C-9BD1-45D0-A3A2-E45F8465114F}"
EndProject
Project("{00D1A9C2-B5F0-4AF3-8072-F6C62B433612}") = "OMOP_Vocabulary_Indexes_Constraints", "OMOP_Vocabulary_Indexes_Constraints\OMOP_Vocabulary_Indexes_Constraints.sqlproj", "{A4758EFD-5B3C-4C7B-90C4-0830B2325964}"
EndProject
Global
	GlobalSection(SolutionConfigurationPlatforms) = preSolution
		Debug|Any CPU = Debug|Any CPU
		Release|Any CPU = Release|Any CPU
	EndGlobalSection
	GlobalSection(ProjectConfigurationPlatforms) = postSolution
		{6EABBC9C-9BD1-45D0-A3A2-E45F8465114F}.Debug|Any CPU.ActiveCfg = Debug|Any CPU
		{6EABBC9C-9BD1-45D0-A3A2-E45F8465114F}.Debug|Any CPU.Build.0 = Debug|Any CPU
		{6EABBC9C-9BD1-45D0-A3A2-E45F8465114F}.Debug|Any CPU.Deploy.0 = Debug|Any CPU
		{6EABBC9C-9BD1-45D0-A3A2-E45F8465114F}.Release|Any CPU.ActiveCfg = Release|Any CPU
		{6EABBC9C-9BD1-45D0-A3A2-E45F8465114F}.Release|Any CPU.Build.0 = Release|Any CPU
		{6EABBC9C-9BD1-45D0-A3A2-E45F8465114F}.Release|Any CPU.Deploy.0 = Release|Any CPU
		{A4758EFD-5B3C-4C7B-90C4-0830B2325964}.Debug|Any CPU.ActiveCfg = Debug|Any CPU
		{A4758EFD-5B3C-4C7B-90C4-0830B2325964}.Debug|Any CPU.Build.0 = Debug|Any CPU
		{A4758EFD-5B3C-4C7B-90C4-0830B2325964}.Debug|Any CPU.Deploy.0 = Debug|Any CPU
		{A4758EFD-5B3C-4C7B-90C4-0830B2325964}.Release|Any CPU.ActiveCfg = Release|Any CPU
		{A4758EFD-5B3C-4C7B-90C4-0830B2325964}.Release|Any CPU.Build.0 = Release|Any CPU
		{A4758EFD-5B3C-4C7B-90C4-0830B2325964}.Release|Any CPU.Deploy.0 = Release|Any CPU
	EndGlobalSection
	GlobalSection(SolutionProperties) = preSolution
		HideSolutionNode = FALSE
	EndGlobalSection
	GlobalSection(ExtensibilityGlobals) = postSolution
		SolutionGuid = {B50CC350-6A9B-42F7-8550-6E7EA939466D}
	EndGlobalSection
EndGlobal
